{
  "name": "miniprogram-ts-less-quickstart",
  "version": "1.0.0",
  "lockfileVersion": 2,
  "requires": true,
  "packages": {
    "": {
      "name": "miniprogram-ts-less-quickstart",
      "version": "1.0.0",
      "dependencies": {
        "@vant/area-data": "^1.4.1",
        "@vant/weapp": "^1.10.19"
      },
      "devDependencies": {
        "miniprogram-api-typings": "^3.9.1"
      }
    },
    "node_modules/@vant/area-data": {
      "version": "1.4.1",
      "resolved": "https://registry.npmjs.org/@vant/area-data/-/area-data-1.4.1.tgz",
      "integrity": "sha512-D8zI/rfxREhnIKGoYzsEJZ73fte4JARhFeFftLIH7ynu1sPrCBEgPkLEbwPyvw3VC4JdSIuzaK5uOhu+BcoPXw=="
    },
    "node_modules/@vant/weapp": {
      "version": "1.10.19",
      "resolved": "https://registry.npmjs.org/@vant/weapp/-/weapp-1.10.19.tgz",
      "integrity": "sha512-RStOPlSELi9lqim9dGagguViUVMNnfZaEceZ248JZgPjn5TzL2nwwHGWl9VI69SBPC+5MPS+LXm7Z4jcdscFeg=="
    },
    "node_modules/miniprogram-api-typings": {
      "version": "3.9.1",
      "resolved": "https://registry.npmjs.org/miniprogram-api-typings/-/miniprogram-api-typings-3.9.1.tgz",
      "integrity": "sha512-oyratzOWyuFhBzONp06l0FBPu03ltCd1sRWoy2v38SnAKxtpZ8ySLTSEw//hIsBdocMda7fFZEjOG57L57mcUw==",
      "dev": true
    }
  },
  "dependencies": {
    "@vant/area-data": {
      "version": "1.4.1",
      "resolved": "https://registry.npmjs.org/@vant/area-data/-/area-data-1.4.1.tgz",
      "integrity": "sha512-D8zI/rfxREhnIKGoYzsEJZ73fte4JARhFeFftLIH7ynu1sPrCBEgPkLEbwPyvw3VC4JdSIuzaK5uOhu+BcoPXw=="
    },
    "@vant/weapp": {
      "version": "1.10.19",
      "resolved": "https://registry.npmjs.org/@vant/weapp/-/weapp-1.10.19.tgz",
      "integrity": "sha512-RStOPlSELi9lqim9dGagguViUVMNnfZaEceZ248JZgPjn5TzL2nwwHGWl9VI69SBPC+5MPS+LXm7Z4jcdscFeg=="
    },
    "miniprogram-api-typings": {
      "version": "3.9.1",
      "resolved": "https://registry.npmjs.org/miniprogram-api-typings/-/miniprogram-api-typings-3.9.1.tgz",
      "integrity": "sha512-oyratzOWyuFhBzONp06l0FBPu03ltCd1sRWoy2v38SnAKxtpZ8ySLTSEw//hIsBdocMda7fFZEjOG57L57mcUw==",
      "dev": true
    }
  }
}
